
Microsoft Visual Studio Solution File, Format Version 12.00
# Visual Studio 15
VisualStudioVersion = 15.0.27703.2000
MinimumVisualStudioVersion = 10.0.40219.1
Project("{FAE04EC0-301F-11D3-BF4B-00C04F79EFBC}") = "Spell.Bing.API", "Spell.Bing.API\Spell.Bing.API.csproj", "{681A94FE-8374-4E89-AEA9-26A86A8C4996}"
EndProject
Global
	GlobalSection(SolutionConfigurationPlatforms) = preSolution
		Debug|Any CPU = Debug|Any CPU
		Release|Any CPU = Release|Any CPU
	EndGlobalSection
	GlobalSection(ProjectConfigurationPlatforms) = postSolution
		{681A94FE-8374-4E89-AEA9-26A86A8C4996}.Debug|Any CPU.ActiveCfg = Debug|Any CPU
		{681A94FE-8374-4E89-AEA9-26A86A8C4996}.Debug|Any CPU.Build.0 = Debug|Any CPU
		{681A94FE-8374-4E89-AEA9-26A86A8C4996}.Release|Any CPU.ActiveCfg = Release|Any CPU
		{681A94FE-8374-4E89-AEA9-26A86A8C4996}.Release|Any CPU.Build.0 = Release|Any CPU
	EndGlobalSection
	GlobalSection(SolutionProperties) = preSolution
		HideSolutionNode = FALSE
	EndGlobalSection
	GlobalSection(ExtensibilityGlobals) = postSolution
		SolutionGuid = {30556E69-16FD-4B50-B2FA-AC66521A187B}
	EndGlobalSection
EndGlobal
